# THIS IS AN AUTOGENERATED FILE. DO NOT EDIT THIS FILE DIRECTLY.
# yarn lockfile v1


"@adraffy/ens-normalize@1.9.2":
  version "1.9.2"
  resolved "https://registry.npmjs.org/@adraffy/ens-normalize/-/ens-normalize-1.9.2.tgz"
  integrity sha512-0h+FrQDqe2Wn+IIGFkTCd4aAwTJ+7834Ek1COohCyV26AXhwQ7WQaz+4F/nLOeVl/3BtWHOHLPsq46V8YB46Eg==

"@esbuild/linux-x64@0.18.20":
  version "0.18.20"
  resolved "https://registry.npmjs.org/@esbuild/linux-x64/-/linux-x64-0.18.20.tgz"
  integrity sha512-UYqiqemphJcNsFEskc73jQ7B9jgwjWrSayxawS6UVFZGWrAAtkzjxSqnoclCXxWtfwLdzU+vTpcNYhpn43uP1w==

"@noble/hashes@1.1.2":
  version "1.1.2"
  resolved "https://registry.npmjs.org/@noble/hashes/-/hashes-1.1.2.tgz"
  integrity sha512-KYRCASVTv6aeUi1tsF8/vpyR7zpfs3FUzy2Jqm+MU+LmUKhQ0y2FpfwqkCcxSg2ua4GALJd8k2R76WxwZGbQpA==

"@noble/secp256k1@1.7.1":
  version "1.7.1"
  resolved "https://registry.npmjs.org/@noble/secp256k1/-/secp256k1-1.7.1.tgz"
  integrity sha512-hOUk6AyBFmqVrv7k5WAw/LpszxVbj9gGN4JRkIX52fdFAj1UA61KXmZDvqVEm+pOyec3+fIeZB02LYa/pWOArw==

"@types/node@18.15.13":
  version "18.15.13"
  resolved "https://registry.npmjs.org/@types/node/-/node-18.15.13.tgz"
  integrity sha512-N+0kuo9KgrUQ1Sn/ifDXsvg0TTleP7rIy4zOBGECxAljqvqfqpTfzx0Q1NUedOixRMBfe2Whhb056a42cWs26Q==

aes-js@4.0.0-beta.5:
  version "4.0.0-beta.5"
  resolved "https://registry.npmjs.org/aes-js/-/aes-js-4.0.0-beta.5.tgz"
  integrity sha512-G965FqalsNyrPqgEGON7nIx1e/OVENSgiEIzyC63haUMuvNnwIgIjMs52hlTCKhkBny7A2ORNlfY9Zu+jmGk1Q==

buffer-from@^1.0.0:
  version "1.1.2"
  resolved "https://registry.npmjs.org/buffer-from/-/buffer-from-1.1.2.tgz"
  integrity sha512-E+XQCRwSbaaiChtv6k6Dwgc+bx+Bs6vuKJHHl5kox/BaKbhiXzqQOwK4cO22yElGp2OCmjwVhT3HmxgyPGnJfQ==

esbuild@~0.18.20:
  version "0.18.20"
  resolved "https://registry.npmjs.org/esbuild/-/esbuild-0.18.20.tgz"
  integrity sha512-ceqxoedUrcayh7Y7ZX6NdbbDzGROiyVBgC4PriJThBKSVPWnnFHZAkfI1lJT8QFkOwH4qOS2SJkS4wvpGl8BpA==
  optionalDependencies:
    "@esbuild/android-arm" "0.18.20"
    "@esbuild/android-arm64" "0.18.20"
    "@esbuild/android-x64" "0.18.20"
    "@esbuild/darwin-arm64" "0.18.20"
    "@esbuild/darwin-x64" "0.18.20"
    "@esbuild/freebsd-arm64" "0.18.20"
    "@esbuild/freebsd-x64" "0.18.20"
    "@esbuild/linux-arm" "0.18.20"
    "@esbuild/linux-arm64" "0.18.20"
    "@esbuild/linux-ia32" "0.18.20"
    "@esbuild/linux-loong64" "0.18.20"
    "@esbuild/linux-mips64el" "0.18.20"
    "@esbuild/linux-ppc64" "0.18.20"
    "@esbuild/linux-riscv64" "0.18.20"
    "@esbuild/linux-s390x" "0.18.20"
    "@esbuild/linux-x64" "0.18.20"
    "@esbuild/netbsd-x64" "0.18.20"
    "@esbuild/openbsd-x64" "0.18.20"
    "@esbuild/sunos-x64" "0.18.20"
    "@esbuild/win32-arm64" "0.18.20"
    "@esbuild/win32-ia32" "0.18.20"
    "@esbuild/win32-x64" "0.18.20"

ethers@^6.7.1:
  version "6.7.1"
  resolved "https://registry.npmjs.org/ethers/-/ethers-6.7.1.tgz"
  integrity sha512-qX5kxIFMfg1i+epfgb0xF4WM7IqapIIu50pOJ17aebkxxa4BacW5jFrQRmCJpDEg2ZK2oNtR5QjrQ1WDBF29dA==
  dependencies:
    "@adraffy/ens-normalize" "1.9.2"
    "@noble/hashes" "1.1.2"
    "@noble/secp256k1" "1.7.1"
    "@types/node" "18.15.13"
    aes-js "4.0.0-beta.5"
    tslib "2.4.0"
    ws "8.5.0"

get-tsconfig@^4.7.2:
  version "4.7.2"
  resolved "https://registry.npmjs.org/get-tsconfig/-/get-tsconfig-4.7.2.tgz"
  integrity sha512-wuMsz4leaj5hbGgg4IvDU0bqJagpftG5l5cXIAvo8uZrqn0NJqwtfupTN00VnkQJPcIRrxYrm1Ue24btpCha2A==
  dependencies:
    resolve-pkg-maps "^1.0.0"

resolve-pkg-maps@^1.0.0:
  version "1.0.0"
  resolved "https://registry.npmjs.org/resolve-pkg-maps/-/resolve-pkg-maps-1.0.0.tgz"
  integrity sha512-seS2Tj26TBVOC2NIc2rOe2y2ZO7efxITtLZcGSOnHHNOQ7CkiUBfw0Iw2ck6xkIhPwLhKNLS8BO+hEpngQlqzw==

source-map-support@^0.5.21:
  version "0.5.21"
  resolved "https://registry.npmjs.org/source-map-support/-/source-map-support-0.5.21.tgz"
  integrity sha512-uBHU3L3czsIyYXKX88fdrGovxdSCoTGDRZ6SYXtSRxLZUzHg5P/66Ht6uoUlHu9EZod+inXhKo3qQgwXUT/y1w==
  dependencies:
    buffer-from "^1.0.0"
    source-map "^0.6.0"

source-map@^0.6.0:
  version "0.6.1"
  resolved "https://registry.npmjs.org/source-map/-/source-map-0.6.1.tgz"
  integrity sha512-UjgapumWlbMhkBgzT7Ykc5YXUT46F0iKu8SGXq0bcwP5dz/h0Plj6enJqjz1Zbq2l5WaqYnrVbwWOWMyF3F47g==

tslib@2.4.0:
  version "2.4.0"
  resolved "https://registry.npmjs.org/tslib/-/tslib-2.4.0.tgz"
  integrity sha512-d6xOpEDfsi2CZVlPQzGeux8XMwLT9hssAsaPYExaQMuYskwb+x1x7J371tWlbBdWHroy99KnVB6qIkUbs5X3UQ==

tsx@^3.13.0:
  version "3.13.0"
  resolved "https://registry.npmjs.org/tsx/-/tsx-3.13.0.tgz"
  integrity sha512-rjmRpTu3as/5fjNq/kOkOtihgLxuIz6pbKdj9xwP4J5jOLkBxw/rjN5ANw+KyrrOXV5uB7HC8+SrrSJxT65y+A==
  dependencies:
    esbuild "~0.18.20"
    get-tsconfig "^4.7.2"
    source-map-support "^0.5.21"
  optionalDependencies:
    fsevents "~2.3.3"

typescript@^5.2.2:
  version "5.2.2"
  resolved "https://registry.npmjs.org/typescript/-/typescript-5.2.2.tgz"
  integrity sha512-mI4WrpHsbCIcwT9cF4FZvr80QUeKvsUsUvKDoR+X/7XHQH98xYD8YHZg7ANtz2GtZt/CBq2QJ0thkGJMHfqc1w==

ws@8.5.0:
  version "8.5.0"
  resolved "https://registry.npmjs.org/ws/-/ws-8.5.0.tgz"
  integrity sha512-BWX0SWVgLPzYwF8lTzEy1egjhS4S4OEAHfsO8o65WOVsrnSRGaSiUaa9e0ggGlkMTtBlmOpEXiie9RUcBO86qg==
